
Microsoft Visual Studio Solution File, Format Version 12.00
# Visual Studio Version 17
VisualStudioVersion = 17.14.37012.4 d17.14
MinimumVisualStudioVersion = 10.0.40219.1
Project("{FAE04EC0-301F-11D3-BF4B-00C04F79EFBC}") = "Find Comman files", "Find Comman files.csproj", "{C3CB35F3-E90A-4E74-ABCA-25F44261DCB7}"
EndProject
Global
	GlobalSection(SolutionConfigurationPlatforms) = preSolution
		Debug|Any CPU = Debug|Any CPU
		Release|Any CPU = Release|Any CPU
	EndGlobalSection
	GlobalSection(ProjectConfigurationPlatforms) = postSolution
		{C3CB35F3-E90A-4E74-ABCA-25F44261DCB7}.Debug|Any CPU.ActiveCfg = Debug|Any CPU
		{C3CB35F3-E90A-4E74-ABCA-25F44261DCB7}.Debug|Any CPU.Build.0 = Debug|Any CPU
		{C3CB35F3-E90A-4E74-ABCA-25F44261DCB7}.Release|Any CPU.ActiveCfg = Release|Any CPU
		{C3CB35F3-E90A-4E74-ABCA-25F44261DCB7}.Release|Any CPU.Build.0 = Release|Any CPU
	EndGlobalSection
	GlobalSection(SolutionProperties) = preSolution
		HideSolutionNode = FALSE
	EndGlobalSection
	GlobalSection(ExtensibilityGlobals) = postSolution
		SolutionGuid = {0588B2D6-CC1C-4BC2-9778-7A988BFC746C}
	EndGlobalSection
EndGlobal
